{
  "requires": true,
  "lockfileVersion": 1,
  "dependencies": {
    "gsap": {
      "version": "3.3.4",
      "resolved": "https://registry.npmjs.org/gsap/-/gsap-3.3.4.tgz",
      "integrity": "sha512-qqrPsuh1eNN+Qtvux8f+UExXtd5N+TFhqyPlUX5PBwwDdig9CUxi50dYzUpSKkOczOmmiLMBiwoywPok1iOlDw=="
    }
  }
}
